
Microsoft Visual Studio Solution File, Format Version 12.00
# Visual Studio Version 17
VisualStudioVersion = 17.5.002.0
MinimumVisualStudioVersion = 10.0.40219.1
Project("{9A19103F-16F7-4668-BE54-9A1E7A4F7556}") = "Learning05", "Learning05.csproj", "{565F8782-0013-4AB8-9B82-D30510E98405}"
EndProject
Global
	GlobalSection(SolutionConfigurationPlatforms) = preSolution
		Debug|Any CPU = Debug|Any CPU
		Release|Any CPU = Release|Any CPU
	EndGlobalSection
	GlobalSection(ProjectConfigurationPlatforms) = postSolution
		{565F8782-0013-4AB8-9B82-D30510E98405}.Debug|Any CPU.ActiveCfg = Debug|Any CPU
		{565F8782-0013-4AB8-9B82-D30510E98405}.Debug|Any CPU.Build.0 = Debug|Any CPU
		{565F8782-0013-4AB8-9B82-D30510E98405}.Release|Any CPU.ActiveCfg = Release|Any CPU
		{565F8782-0013-4AB8-9B82-D30510E98405}.Release|Any CPU.Build.0 = Release|Any CPU
	EndGlobalSection
	GlobalSection(SolutionProperties) = preSolution
		HideSolutionNode = FALSE
	EndGlobalSection
	GlobalSection(ExtensibilityGlobals) = postSolution
		SolutionGuid = {284FA982-269B-4244-A62C-97C977DCF82A}
	EndGlobalSection
EndGlobal
